
Microsoft Visual Studio Solution File, Format Version 12.00
# Visual Studio Version 17
VisualStudioVersion = 17.0.31903.59
MinimumVisualStudioVersion = 10.0.40219.1
Project("{FAE04EC0-301F-11D3-BF4B-00C04F79EFBC}") = "IdentityServer", "IdentityServer\IdentityServer.csproj", "{A5ADDD3B-B659-456F-9987-E9CA0C7FA948}"
EndProject
Global
	GlobalSection(SolutionConfigurationPlatforms) = preSolution
		Debug|Any CPU = Debug|Any CPU
		Release|Any CPU = Release|Any CPU
	EndGlobalSection
	GlobalSection(ProjectConfigurationPlatforms) = postSolution
		{A5ADDD3B-B659-456F-9987-E9CA0C7FA948}.Debug|Any CPU.ActiveCfg = Debug|Any CPU
		{A5ADDD3B-B659-456F-9987-E9CA0C7FA948}.Debug|Any CPU.Build.0 = Debug|Any CPU
		{A5ADDD3B-B659-456F-9987-E9CA0C7FA948}.Release|Any CPU.ActiveCfg = Release|Any CPU
		{A5ADDD3B-B659-456F-9987-E9CA0C7FA948}.Release|Any CPU.Build.0 = Release|Any CPU
	EndGlobalSection
	GlobalSection(SolutionProperties) = preSolution
		HideSolutionNode = FALSE
	EndGlobalSection
	GlobalSection(ExtensibilityGlobals) = postSolution
		SolutionGuid = {FA88A8DC-A662-4A31-BED0-1CFB340757E3}
	EndGlobalSection
EndGlobal
